
Microsoft Visual Studio Solution File, Format Version 12.00
# Visual Studio Version 16
VisualStudioVersion = 16.0.30621.155
MinimumVisualStudioVersion = 10.0.40219.1
Project("{9A19103F-16F7-4668-BE54-9A1E7A4F7556}") = "Чат tcp_server", "Чат tcp_server.csproj", "{BBD574B9-EA4E-4599-BA0C-ABD2A34C7973}"
EndProject
Project("{FAE04EC0-301F-11D3-BF4B-00C04F79EFBC}") = "Чат tcp_client", "..\Чат tcp_client\Чат tcp_client.csproj", "{6DFDE642-E921-4383-970B-AD490C8F760A}"
EndProject
Global
	GlobalSection(SolutionConfigurationPlatforms) = preSolution
		Debug|Any CPU = Debug|Any CPU
		Release|Any CPU = Release|Any CPU
	EndGlobalSection
	GlobalSection(ProjectConfigurationPlatforms) = postSolution
		{BBD574B9-EA4E-4599-BA0C-ABD2A34C7973}.Debug|Any CPU.ActiveCfg = Debug|Any CPU
		{BBD574B9-EA4E-4599-BA0C-ABD2A34C7973}.Debug|Any CPU.Build.0 = Debug|Any CPU
		{BBD574B9-EA4E-4599-BA0C-ABD2A34C7973}.Release|Any CPU.ActiveCfg = Release|Any CPU
		{BBD574B9-EA4E-4599-BA0C-ABD2A34C7973}.Release|Any CPU.Build.0 = Release|Any CPU
		{6DFDE642-E921-4383-970B-AD490C8F760A}.Debug|Any CPU.ActiveCfg = Debug|Any CPU
		{6DFDE642-E921-4383-970B-AD490C8F760A}.Debug|Any CPU.Build.0 = Debug|Any CPU
		{6DFDE642-E921-4383-970B-AD490C8F760A}.Release|Any CPU.ActiveCfg = Release|Any CPU
		{6DFDE642-E921-4383-970B-AD490C8F760A}.Release|Any CPU.Build.0 = Release|Any CPU
	EndGlobalSection
	GlobalSection(SolutionProperties) = preSolution
		HideSolutionNode = FALSE
	EndGlobalSection
	GlobalSection(ExtensibilityGlobals) = postSolution
		SolutionGuid = {9949C01A-D81F-406A-AA95-63B53DE38B4A}
	EndGlobalSection
EndGlobal
